// !$*UTF8*$!
{
	archiveVersion = 1;
	classes = {
	};
	objectVersion = 46;
	objects = {

/* Begin PBXBuildFile section */
		60894E0F1E7A3E4300FB7949 /* Extensions.swift in Sources */ = {isa = PBXBuildFile; fileRef = 60894E0E1E7A3E4300FB7949 /* Extensions.swift */; };
		60894E111E7A490E00FB7949 /* UIHelper.swift in Sources */ = {isa = PBXBuildFile; fileRef = 60894E101E7A490E00FB7949 /* UIHelper.swift */; };
		60894E131E80D64300FB7949 /* MenuViewController.swift in Sources */ = {isa = PBXBuildFile; fileRef = 60894E121E80D64300FB7949 /* MenuViewController.swift */; };
		60BE57241E77A430007E8110 /* AppDelegate.swift in Sources */ = {isa = PBXBuildFile; fileRef = 60BE57231E77A430007E8110 /* AppDelegate.swift */; };
		60BE57261E77A430007E8110 /* ViewController.swift in Sources */ = {isa = PBXBuildFile; fileRef = 60BE57251E77A430007E8110 /* ViewController.swift */; };
		60BE57291E77A430007E8110 /* Main.storyboard in Resources */ = {isa = PBXBuildFile; fileRef = 60BE57271E77A430007E8110 /* Main.storyboard */; };
		60BE572B1E77A430007E8110 /* Assets.xcassets in Resources */ = {isa = PBXBuildFile; fileRef = 60BE572A1E77A430007E8110 /* Assets.xcassets */; };
		60BE572E1E77A430007E8110 /* LaunchScreen.storyboard in Resources */ = {isa = PBXBuildFile; fileRef = 60BE572C1E77A430007E8110 /* LaunchScreen.storyboard */; };
		60BE57391E77A430007E8110 /* PianoTests.swift in Sources */ = {isa = PBXBuildFile; fileRef = 60BE57381E77A430007E8110 /* PianoTests.swift */; };
		60BE57441E77A430007E8110 /* PianoTilesUITests.swift in Sources */ = {isa = PBXBuildFile; fileRef = 60BE57431E77A430007E8110 /* PianoTilesUITests.swift */; };
		60BE57531E77A64C007E8110 /* Piano.swift in Sources */ = {isa = PBXBuildFile; fileRef = 60BE57521E77A64C007E8110 /* Piano.swift */; };
		60BE57551E77A6C7007E8110 /* Tile.swift in Sources */ = {isa = PBXBuildFile; fileRef = 60BE57541E77A6C7007E8110 /* Tile.swift */; };
		60BE57571E77C11C007E8110 /* TileTest.swift in Sources */ = {isa = PBXBuildFile; fileRef = 60BE57561E77C11C007E8110 /* TileTest.swift */; };
		60BE575C1E77C443007E8110 /* PianoHelper.swift in Sources */ = {isa = PBXBuildFile; fileRef = 60BE575B1E77C443007E8110 /* PianoHelper.swift */; };
		60BE575E1E77DF48007E8110 /* PianoViewController.swift in Sources */ = {isa = PBXBuildFile; fileRef = 60BE575D1E77DF48007E8110 /* PianoViewController.swift */; };
		60BE57621E77DFBF007E8110 /* TileCollectionViewCell.swift in Sources */ = {isa = PBXBuildFile; fileRef = 60BE57611E77DFBF007E8110 /* TileCollectionViewCell.swift */; };
		60BE57641E77E210007E8110 /* GameHelper.swift in Sources */ = {isa = PBXBuildFile; fileRef = 60BE57631E77E210007E8110 /* GameHelper.swift */; };
		60BE57661E77F04E007E8110 /* ViewControllerTests.swift in Sources */ = {isa = PBXBuildFile; fileRef = 60BE57651E77F04E007E8110 /* ViewControllerTests.swift */; };
/* End PBXBuildFile section */

/* Begin PBXContainerItemProxy section */
		60BE57351E77A430007E8110 /* PBXContainerItemProxy */ = {
			isa = PBXContainerItemProxy;
			containerPortal = 60BE57181E77A430007E8110 /* Project object */;
			proxyType = 1;
			remoteGlobalIDString = 60BE571F1E77A430007E8110;
			remoteInfo = PianoTiles;
		};
		60BE57401E77A430007E8110 /* PBXContainerItemProxy */ = {
			isa = PBXContainerItemProxy;
			containerPortal = 60BE57181E77A430007E8110 /* Project object */;
			proxyType = 1;
			remoteGlobalIDString = 60BE571F1E77A430007E8110;
			remoteInfo = PianoTiles;
		};
/* End PBXContainerItemProxy section */

/* Begin PBXFileReference section */
		60894E0E1E7A3E4300FB7949 /* Extensions.swift */ = {isa = PBXFileReference; fileEncoding = 4; lastKnownFileType = sourcecode.swift; name = Extensions.swift; path = Extensions/Extensions.swift; sourceTree = "<group>"; };
		60894E101E7A490E00FB7949 /* UIHelper.swift */ = {isa = PBXFileReference; fileEncoding = 4; lastKnownFileType = sourcecode.swift; name = UIHelper.swift; path = Helpers/UIHelper.swift; sourceTree = "<group>"; };
		60894E121E80D64300FB7949 /* MenuViewController.swift */ = {isa = PBXFileReference; fileEncoding = 4; lastKnownFileType = sourcecode.swift; name = MenuViewController.swift; path = ViewControllers/MenuViewController.swift; sourceTree = "<group>"; };
		60BE57201E77A430007E8110 /* PianoTiles.app */ = {isa = PBXFileReference; explicitFileType = wrapper.application; includeInIndex = 0; path = PianoTiles.app; sourceTree = BUILT_PRODUCTS_DIR; };
		60BE57231E77A430007E8110 /* AppDelegate.swift */ = {isa = PBXFileReference; lastKnownFileType = sourcecode.swift; path = AppDelegate.swift; sourceTree = "<group>"; };
		60BE57251E77A430007E8110 /* ViewController.swift */ = {isa = PBXFileReference; lastKnownFileType = sourcecode.swift; path = ViewController.swift; sourceTree = "<group>"; };
		60BE57281E77A430007E8110 /* Base */ = {isa = PBXFileReference; lastKnownFileType = file.storyboard; name = Base; path = Base.lproj/Main.storyboard; sourceTree = "<group>"; };
		60BE572A1E77A430007E8110 /* Assets.xcassets */ = {isa = PBXFileReference; lastKnownFileType = folder.assetcatalog; path = Assets.xcassets; sourceTree = "<group>"; };
		60BE572D1E77A430007E8110 /* Base */ = {isa = PBXFileReference; lastKnownFileType = file.storyboard; name = Base; path = Base.lproj/LaunchScreen.storyboard; sourceTree = "<group>"; };
		60BE572F1E77A430007E8110 /* Info.plist */ = {isa = PBXFileReference; lastKnownFileType = text.plist.xml; path = Info.plist; sourceTree = "<group>"; };
		60BE57341E77A430007E8110 /* PianoTilesTests.xctest */ = {isa = PBXFileReference; explicitFileType = wrapper.cfbundle; includeInIndex = 0; path = PianoTilesTests.xctest; sourceTree = BUILT_PRODUCTS_DIR; };
		60BE57381E77A430007E8110 /* PianoTests.swift */ = {isa = PBXFileReference; lastKnownFileType = sourcecode.swift; path = PianoTests.swift; sourceTree = "<group>"; };
		60BE573A1E77A430007E8110 /* Info.plist */ = {isa = PBXFileReference; lastKnownFileType = text.plist.xml; path = Info.plist; sourceTree = "<group>"; };
		60BE573F1E77A430007E8110 /* PianoTilesUITests.xctest */ = {isa = PBXFileReference; explicitFileType = wrapper.cfbundle; includeInIndex = 0; path = PianoTilesUITests.xctest; sourceTree = BUILT_PRODUCTS_DIR; };
		60BE57431E77A430007E8110 /* PianoTilesUITests.swift */ = {isa = PBXFileReference; lastKnownFileType = sourcecode.swift; path = PianoTilesUITests.swift; sourceTree = "<group>"; };
		60BE57451E77A430007E8110 /* Info.plist */ = {isa = PBXFileReference; lastKnownFileType = text.plist.xml; path = Info.plist; sourceTree = "<group>"; };
		60BE57521E77A64C007E8110 /* Piano.swift */ = {isa = PBXFileReference; fileEncoding = 4; lastKnownFileType = sourcecode.swift; name = Piano.swift; path = Models/Piano.swift; sourceTree = "<group>"; };
		60BE57541E77A6C7007E8110 /* Tile.swift */ = {isa = PBXFileReference; fileEncoding = 4; lastKnownFileType = sourcecode.swift; name = Tile.swift; path = Models/Tile.swift; sourceTree = "<group>"; };
		60BE57561E77C11C007E8110 /* TileTest.swift */ = {isa = PBXFileReference; fileEncoding = 4; lastKnownFileType = sourcecode.swift; path = TileTest.swift; sourceTree = "<group>"; };
		60BE575B1E77C443007E8110 /* PianoHelper.swift */ = {isa = PBXFileReference; fileEncoding = 4; lastKnownFileType = sourcecode.swift; name = PianoHelper.swift; path = Helpers/PianoHelper.swift; sourceTree = "<group>"; };
		60BE575D1E77DF48007E8110 /* PianoViewController.swift */ = {isa = PBXFileReference; fileEncoding = 4; lastKnownFileType = sourcecode.swift; name = PianoViewController.swift; path = ViewControllers/PianoViewController.swift; sourceTree = "<group>"; };
		60BE57611E77DFBF007E8110 /* TileCollectionViewCell.swift */ = {isa = PBXFileReference; fileEncoding = 4; lastKnownFileType = sourcecode.swift; name = TileCollectionViewCell.swift; path = CollectionViewCells/TileCollectionViewCell.swift; sourceTree = "<group>"; };
		60BE57631E77E210007E8110 /* GameHelper.swift */ = {isa = PBXFileReference; fileEncoding = 4; lastKnownFileType = sourcecode.swift; name = GameHelper.swift; path = Helpers/GameHelper.swift; sourceTree = "<group>"; };
		60BE57651E77F04E007E8110 /* ViewControllerTests.swift */ = {isa = PBXFileReference; fileEncoding = 4; lastKnownFileType = sourcecode.swift; path = ViewControllerTests.swift; sourceTree = "<group>"; };
/* End PBXFileReference section */

/* Begin PBXFrameworksBuildPhase section */
		60BE571D1E77A430007E8110 /* Frameworks */ = {
			isa = PBXFrameworksBuildPhase;
			buildActionMask = 2147483647;
			files = (
			);
			runOnlyForDeploymentPostprocessing = 0;
		};
		60BE57311E77A430007E8110 /* Frameworks */ = {
			isa = PBXFrameworksBuildPhase;
			buildActionMask = 2147483647;
			files = (
			);
			runOnlyForDeploymentPostprocessing = 0;
		};
		60BE573C1E77A430007E8110 /* Frameworks */ = {
			isa = PBXFrameworksBuildPhase;
			buildActionMask = 2147483647;
			files = (
			);
			runOnlyForDeploymentPostprocessing = 0;
		};
/* End PBXFrameworksBuildPhase section */

/* Begin PBXGroup section */
		60894E0D1E7A3E2A00FB7949 /* Extensions */ = {
			isa = PBXGroup;
			children = (
				60894E0E1E7A3E4300FB7949 /* Extensions.swift */,
			);
			name = Extensions;
			sourceTree = "<group>";
		};
		60BE57171E77A430007E8110 = {
			isa = PBXGroup;
			children = (
				60BE57221E77A430007E8110 /* PianoTiles */,
				60BE57371E77A430007E8110 /* PianoTilesTests */,
				60BE57421E77A430007E8110 /* PianoTilesUITests */,
				60BE57211E77A430007E8110 /* Products */,
			);
			sourceTree = "<group>";
		};
		60BE57211E77A430007E8110 /* Products */ = {
			isa = PBXGroup;
			children = (
				60BE57201E77A430007E8110 /* PianoTiles.app */,
				60BE57341E77A430007E8110 /* PianoTilesTests.xctest */,
				60BE573F1E77A430007E8110 /* PianoTilesUITests.xctest */,
			);
			name = Products;
			sourceTree = "<group>";
		};
		60BE57221E77A430007E8110 /* PianoTiles */ = {
			isa = PBXGroup;
			children = (
				60894E0D1E7A3E2A00FB7949 /* Extensions */,
				60BE57601E77DFA1007E8110 /* CollectionViewCells */,
				60BE575F1E77DF4D007E8110 /* ViewControllers */,
				60BE57581E77C3D0007E8110 /* Helpers */,
				60BE57511E77A634007E8110 /* Models */,
				60BE57231E77A430007E8110 /* AppDelegate.swift */,
				60BE57251E77A430007E8110 /* ViewController.swift */,
				60BE57271E77A430007E8110 /* Main.storyboard */,
				60BE572A1E77A430007E8110 /* Assets.xcassets */,
				60BE572C1E77A430007E8110 /* LaunchScreen.storyboard */,
				60BE572F1E77A430007E8110 /* Info.plist */,
			);
			path = PianoTiles;
			sourceTree = "<group>";
		};
		60BE57371E77A430007E8110 /* PianoTilesTests */ = {
			isa = PBXGroup;
			children = (
				60BE57381E77A430007E8110 /* PianoTests.swift */,
				60BE57561E77C11C007E8110 /* TileTest.swift */,
				60BE57651E77F04E007E8110 /* ViewControllerTests.swift */,
				60BE573A1E77A430007E8110 /* Info.plist */,
			);
			path = PianoTilesTests;
			sourceTree = "<group>";
		};
		60BE57421E77A430007E8110 /* PianoTilesUITests */ = {
			isa = PBXGroup;
			children = (
				60BE57431E77A430007E8110 /* PianoTilesUITests.swift */,
				60BE57451E77A430007E8110 /* Info.plist */,
			);
			path = PianoTilesUITests;
			sourceTree = "<group>";
		};
		60BE57511E77A634007E8110 /* Models */ = {
			isa = PBXGroup;
			children = (
				60BE57521E77A64C007E8110 /* Piano.swift */,
				60BE57541E77A6C7007E8110 /* Tile.swift */,
			);
			name = Models;
			sourceTree = "<group>";
		};
		60BE57581E77C3D0007E8110 /* Helpers */ = {
			isa = PBXGroup;
			children = (
				60BE575B1E77C443007E8110 /* PianoHelper.swift */,
				60BE57631E77E210007E8110 /* GameHelper.swift */,
				60894E101E7A490E00FB7949 /* UIHelper.swift */,
			);
			name = Helpers;
			sourceTree = "<group>";
		};
		60BE575F1E77DF4D007E8110 /* ViewControllers */ = {
			isa = PBXGroup;
			children = (
				60BE575D1E77DF48007E8110 /* PianoViewController.swift */,
				60894E121E80D64300FB7949 /* MenuViewController.swift */,
			);
			name = ViewControllers;
			sourceTree = "<group>";
		};
		60BE57601E77DFA1007E8110 /* CollectionViewCells */ = {
			isa = PBXGroup;
			children = (
				60BE57611E77DFBF007E8110 /* TileCollectionViewCell.swift */,
			);
			name = CollectionViewCells;
			sourceTree = "<group>";
		};
/* End PBXGroup section */

/* Begin PBXNativeTarget section */
		60BE571F1E77A430007E8110 /* PianoTiles */ = {
			isa = PBXNativeTarget;
			buildConfigurationList = 60BE57481E77A430007E8110 /* Build configuration list for PBXNativeTarget "PianoTiles" */;
			buildPhases = (
				60BE571C1E77A430007E8110 /* Sources */,
				60BE571D1E77A430007E8110 /* Frameworks */,
				60BE571E1E77A430007E8110 /* Resources */,
			);
			buildRules = (
			);
			dependencies = (
			);
			name = PianoTiles;
			productName = PianoTiles;
			productReference = 60BE57201E77A430007E8110 /* PianoTiles.app */;
			productType = "com.apple.product-type.application";
		};
		60BE57331E77A430007E8110 /* PianoTilesTests */ = {
			isa = PBXNativeTarget;
			buildConfigurationList = 60BE574B1E77A430007E8110 /* Build configuration list for PBXNativeTarget "PianoTilesTests" */;
			buildPhases = (
				60BE57301E77A430007E8110 /* Sources */,
				60BE57311E77A430007E8110 /* Frameworks */,
				60BE57321E77A430007E8110 /* Resources */,
			);
			buildRules = (
			);
			dependencies = (
				60BE57361E77A430007E8110 /* PBXTargetDependency */,
			);
			name = PianoTilesTests;
			productName = PianoTilesTests;
			productReference = 60BE57341E77A430007E8110 /* PianoTilesTests.xctest */;
			productType = "com.apple.product-type.bundle.unit-test";
		};
		60BE573E1E77A430007E8110 /* PianoTilesUITests */ = {
			isa = PBXNativeTarget;
			buildConfigurationList = 60BE574E1E77A430007E8110 /* Build configuration list for PBXNativeTarget "PianoTilesUITests" */;
			buildPhases = (
				60BE573B1E77A430007E8110 /* Sources */,
				60BE573C1E77A430007E8110 /* Frameworks */,
				60BE573D1E77A430007E8110 /* Resources */,
			);
			buildRules = (
			);
			dependencies = (
				60BE57411E77A430007E8110 /* PBXTargetDependency */,
			);
			name = PianoTilesUITests;
			productName = PianoTilesUITests;
			productReference = 60BE573F1E77A430007E8110 /* PianoTilesUITests.xctest */;
			productType = "com.apple.product-type.bundle.ui-testing";
		};
/* End PBXNativeTarget section */

/* Begin PBXProject section */
		60BE57181E77A430007E8110 /* Project object */ = {
			isa = PBXProject;
			attributes = {
				LastSwiftUpdateCheck = 0830;
				LastUpgradeCheck = 0830;
				ORGANIZATIONNAME = Adriana;
				TargetAttributes = {
					60BE571F1E77A430007E8110 = {
						CreatedOnToolsVersion = 8.3;
						DevelopmentTeam = 8WR9DN7HHX;
						ProvisioningStyle = Manual;
					};
					60BE57331E77A430007E8110 = {
						CreatedOnToolsVersion = 8.3;
						DevelopmentTeam = W3RCCUG568;
						ProvisioningStyle = Automatic;
						TestTargetID = 60BE571F1E77A430007E8110;
					};
					60BE573E1E77A430007E8110 = {
						CreatedOnToolsVersion = 8.3;
						DevelopmentTeam = W3RCCUG568;
						ProvisioningStyle = Automatic;
						TestTargetID = 60BE571F1E77A430007E8110;
					};
				};
			};
			buildConfigurationList = 60BE571B1E77A430007E8110 /* Build configuration list for PBXProject "PianoTiles" */;
			compatibilityVersion = "Xcode 3.2";
			developmentRegion = English;
			hasScannedForEncodings = 0;
			knownRegions = (
				en,
				Base,
			);
			mainGroup = 60BE57171E77A430007E8110;
			productRefGroup = 60BE57211E77A430007E8110 /* Products */;
			projectDirPath = "";
			projectRoot = "";
			targets = (
				60BE571F1E77A430007E8110 /* PianoTiles */,
				60BE57331E77A430007E8110 /* PianoTilesTests */,
				60BE573E1E77A430007E8110 /* PianoTilesUITests */,
			);
		};
/* End PBXProject section */

/* Begin PBXResourcesBuildPhase section */
		60BE571E1E77A430007E8110 /* Resources */ = {
			isa = PBXResourcesBuildPhase;
			buildActionMask = 2147483647;
			files = (
				60BE572E1E77A430007E8110 /* LaunchScreen.storyboard in Resources */,
				60BE572B1E77A430007E8110 /* Assets.xcassets in Resources */,
				60BE57291E77A430007E8110 /* Main.storyboard in Resources */,
			);
			runOnlyForDeploymentPostprocessing = 0;
		};
		60BE57321E77A430007E8110 /* Resources */ = {
			isa = PBXResourcesBuildPhase;
			buildActionMask = 2147483647;
			files = (
			);
			runOnlyForDeploymentPostprocessing = 0;
		};
		60BE573D1E77A430007E8110 /* Resources */ = {
			isa = PBXResourcesBuildPhase;
			buildActionMask = 2147483647;
			files = (
			);
			runOnlyForDeploymentPostprocessing = 0;
		};
/* End PBXResourcesBuildPhase section */

/* Begin PBXSourcesBuildPhase section */
		60BE571C1E77A430007E8110 /* Sources */ = {
			isa = PBXSourcesBuildPhase;
			buildActionMask = 2147483647;
			files = (
				60BE57261E77A430007E8110 /* ViewController.swift in Sources */,
				60894E0F1E7A3E4300FB7949 /* Extensions.swift in Sources */,
				60BE57621E77DFBF007E8110 /* TileCollectionViewCell.swift in Sources */,
				60894E111E7A490E00FB7949 /* UIHelper.swift in Sources */,
				60894E131E80D64300FB7949 /* MenuViewController.swift in Sources */,
				60BE575C1E77C443007E8110 /* PianoHelper.swift in Sources */,
				60BE57241E77A430007E8110 /* AppDelegate.swift in Sources */,
				60BE57531E77A64C007E8110 /* Piano.swift in Sources */,
				60BE57641E77E210007E8110 /* GameHelper.swift in Sources */,
				60BE575E1E77DF48007E8110 /* PianoViewController.swift in Sources */,
				60BE57551E77A6C7007E8110 /* Tile.swift in Sources */,
			);
			runOnlyForDeploymentPostprocessing = 0;
		};
		60BE57301E77A430007E8110 /* Sources */ = {
			isa = PBXSourcesBuildPhase;
			buildActionMask = 2147483647;
			files = (
				60BE57661E77F04E007E8110 /* ViewControllerTests.swift in Sources */,
				60BE57391E77A430007E8110 /* PianoTests.swift in Sources */,
				60BE57571E77C11C007E8110 /* TileTest.swift in Sources */,
			);
			runOnlyForDeploymentPostprocessing = 0;
		};
		60BE573B1E77A430007E8110 /* Sources */ = {
			isa = PBXSourcesBuildPhase;
			buildActionMask = 2147483647;
			files = (
				60BE57441E77A430007E8110 /* PianoTilesUITests.swift in Sources */,
			);
			runOnlyForDeploymentPostprocessing = 0;
		};
/* End PBXSourcesBuildPhase section */

/* Begin PBXTargetDependency section */
		60BE57361E77A430007E8110 /* PBXTargetDependency */ = {
			isa = PBXTargetDependency;
			target = 60BE571F1E77A430007E8110 /* PianoTiles */;
			targetProxy = 60BE57351E77A430007E8110 /* PBXContainerItemProxy */;
		};
		60BE57411E77A430007E8110 /* PBXTargetDependency */ = {
			isa = PBXTargetDependency;
			target = 60BE571F1E77A430007E8110 /* PianoTiles */;
			targetProxy = 60BE57401E77A430007E8110 /* PBXContainerItemProxy */;
		};
/* End PBXTargetDependency section */

/* Begin PBXVariantGroup section */
		60BE57271E77A430007E8110 /* Main.storyboard */ = {
			isa = PBXVariantGroup;
			children = (
				60BE57281E77A430007E8110 /* Base */,
			);
			name = Main.storyboard;
			sourceTree = "<group>";
		};
		60BE572C1E77A430007E8110 /* LaunchScreen.storyboard */ = {
			isa = PBXVariantGroup;
			children = (
				60BE572D1E77A430007E8110 /* Base */,
			);
			name = LaunchScreen.storyboard;
			sourceTree = "<group>";
		};
/* End PBXVariantGroup section */

/* Begin XCBuildConfiguration section */
		60BE57461E77A430007E8110 /* Debug */ = {
			isa = XCBuildConfiguration;
			buildSettings = {
				ALWAYS_SEARCH_USER_PATHS = NO;
				CLANG_ANALYZER_NONNULL = YES;
				CLANG_ANALYZER_NUMBER_OBJECT_CONVERSION = YES_AGGRESSIVE;
				CLANG_CXX_LANGUAGE_STANDARD = "gnu++0x";
				CLANG_CXX_LIBRARY = "libc++";
				CLANG_ENABLE_MODULES = YES;
				CLANG_ENABLE_OBJC_ARC = YES;
				CLANG_WARN_BOOL_CONVERSION = YES;
				CLANG_WARN_CONSTANT_CONVERSION = YES;
				CLANG_WARN_DIRECT_OBJC_ISA_USAGE = YES_ERROR;
				CLANG_WARN_DOCUMENTATION_COMMENTS = YES;
				CLANG_WARN_EMPTY_BODY = YES;
				CLANG_WARN_ENUM_CONVERSION = YES;
				CLANG_WARN_INFINITE_RECURSION = YES;
				CLANG_WARN_INT_CONVERSION = YES;
				CLANG_WARN_OBJC_ROOT_CLASS = YES_ERROR;
				CLANG_WARN_SUSPICIOUS_MOVE = YES;
				CLANG_WARN_UNREACHABLE_CODE = YES;
				CLANG_WARN__DUPLICATE_METHOD_MATCH = YES;
				"CODE_SIGN_IDENTITY[sdk=iphoneos*]" = "iPhone Developer";
				COPY_PHASE_STRIP = NO;
				DEBUG_INFORMATION_FORMAT = dwarf;
				ENABLE_STRICT_OBJC_MSGSEND = YES;
				ENABLE_TESTABILITY = YES;
				GCC_C_LANGUAGE_STANDARD = gnu99;
				GCC_DYNAMIC_NO_PIC = NO;
				GCC_NO_COMMON_BLOCKS = YES;
				GCC_OPTIMIZATION_LEVEL = 0;
				GCC_PREPROCESSOR_DEFINITIONS = (
					"DEBUG=1",
					"$(inherited)",
				);
				GCC_WARN_64_TO_32_BIT_CONVERSION = YES;
				GCC_WARN_ABOUT_RETURN_TYPE = YES_ERROR;
				GCC_WARN_UNDECLARED_SELECTOR = YES;
				GCC_WARN_UNINITIALIZED_AUTOS = YES_AGGRESSIVE;
				GCC_WARN_UNUSED_FUNCTION = YES;
				GCC_WARN_UNUSED_VARIABLE = YES;
				IPHONEOS_DEPLOYMENT_TARGET = 10.3;
				MTL_ENABLE_DEBUG_INFO = YES;
				ONLY_ACTIVE_ARCH = YES;
				SDKROOT = iphoneos;
				SWIFT_ACTIVE_COMPILATION_CONDITIONS = DEBUG;
				SWIFT_OPTIMIZATION_LEVEL = "-Onone";
			};
			name = Debug;
		};
		60BE57471E77A430007E8110 /* Release */ = {
			isa = XCBuildConfiguration;
			buildSettings = {
				ALWAYS_SEARCH_USER_PATHS = NO;
				CLANG_ANALYZER_NONNULL = YES;
				CLANG_ANALYZER_NUMBER_OBJECT_CONVERSION = YES_AGGRESSIVE;
				CLANG_CXX_LANGUAGE_STANDARD = "gnu++0x";
				CLANG_CXX_LIBRARY = "libc++";
				CLANG_ENABLE_MODULES = YES;
				CLANG_ENABLE_OBJC_ARC = YES;
				CLANG_WARN_BOOL_CONVERSION = YES;
				CLANG_WARN_CONSTANT_CONVERSION = YES;
				CLANG_WARN_DIRECT_OBJC_ISA_USAGE = YES_ERROR;
				CLANG_WARN_DOCUMENTATION_COMMENTS = YES;
				CLANG_WARN_EMPTY_BODY = YES;
				CLANG_WARN_ENUM_CONVERSION = YES;
				CLANG_WARN_INFINITE_RECURSION = YES;
				CLANG_WARN_INT_CONVERSION = YES;
				CLANG_WARN_OBJC_ROOT_CLASS = YES_ERROR;
				CLANG_WARN_SUSPICIOUS_MOVE = YES;
				CLANG_WARN_UNREACHABLE_CODE = YES;
				CLANG_WARN__DUPLICATE_METHOD_MATCH = YES;
				"CODE_SIGN_IDENTITY[sdk=iphoneos*]" = "iPhone Developer";
				COPY_PHASE_STRIP = NO;
				DEBUG_INFORMATION_FORMAT = "dwarf-with-dsym";
				ENABLE_NS_ASSERTIONS = NO;
				ENABLE_STRICT_OBJC_MSGSEND = YES;
				GCC_C_LANGUAGE_STANDARD = gnu99;
				GCC_NO_COMMON_BLOCKS = YES;
				GCC_WARN_64_TO_32_BIT_CONVERSION = YES;
				GCC_WARN_ABOUT_RETURN_TYPE = YES_ERROR;
				GCC_WARN_UNDECLARED_SELECTOR = YES;
				GCC_WARN_UNINITIALIZED_AUTOS = YES_AGGRESSIVE;
				GCC_WARN_UNUSED_FUNCTION = YES;
				GCC_WARN_UNUSED_VARIABLE = YES;
				IPHONEOS_DEPLOYMENT_TARGET = 10.3;
				MTL_ENABLE_DEBUG_INFO = NO;
				SDKROOT = iphoneos;
				SWIFT_OPTIMIZATION_LEVEL = "-Owholemodule";
				VALIDATE_PRODUCT = YES;
			};
			name = Release;
		};
		60BE57491E77A430007E8110 /* Debug */ = {
			isa = XCBuildConfiguration;
			buildSettings = {
				ASSETCATALOG_COMPILER_APPICON_NAME = AppIcon;
				"CODE_SIGN_IDENTITY[sdk=iphoneos*]" = "iPhone Distribution";
				DEVELOPMENT_TEAM = 8WR9DN7HHX;
				INFOPLIST_FILE = PianoTiles/Info.plist;
				IPHONEOS_DEPLOYMENT_TARGET = 10;
				LD_RUNPATH_SEARCH_PATHS = "$(inherited) @executable_path/Frameworks";
				PRODUCT_BUNDLE_IDENTIFIER = com.ad.PianoTiles;
				PRODUCT_NAME = "$(TARGET_NAME)";
				PROVISIONING_PROFILE = "5db1826e-62b5-4c55-9ca6-2edf50004f1e";
				PROVISIONING_PROFILE_SPECIFIER = "XC: *";
				SWIFT_VERSION = 3.0;
			};
			name = Debug;
		};
		60BE574A1E77A430007E8110 /* Release */ = {
			isa = XCBuildConfiguration;
			buildSettings = {
				ASSETCATALOG_COMPILER_APPICON_NAME = AppIcon;
				"CODE_SIGN_IDENTITY[sdk=iphoneos*]" = "iPhone Distribution";
				DEVELOPMENT_TEAM = 8WR9DN7HHX;
				INFOPLIST_FILE = PianoTiles/Info.plist;
				IPHONEOS_DEPLOYMENT_TARGET = 10;
				LD_RUNPATH_SEARCH_PATHS = "$(inherited) @executable_path/Frameworks";
				PRODUCT_BUNDLE_IDENTIFIER = com.ad.PianoTiles;
				PRODUCT_NAME = "$(TARGET_NAME)";
				PROVISIONING_PROFILE = "5db1826e-62b5-4c55-9ca6-2edf50004f1e";
				PROVISIONING_PROFILE_SPECIFIER = "XC: *";
				SWIFT_VERSION = 3.0;
			};
			name = Release;
		};
		60BE574C1E77A430007E8110 /* Debug */ = {
			isa = XCBuildConfiguration;
			buildSettings = {
				ALWAYS_EMBED_SWIFT_STANDARD_LIBRARIES = YES;
				BUNDLE_LOADER = "$(TEST_HOST)";
				DEVELOPMENT_TEAM = W3RCCUG568;
				INFOPLIST_FILE = PianoTilesTests/Info.plist;
				LD_RUNPATH_SEARCH_PATHS = "$(inherited) @executable_path/Frameworks @loader_path/Frameworks";
				PRODUCT_BUNDLE_IDENTIFIER = com.ad.PianoTilesTests;
				PRODUCT_NAME = "$(TARGET_NAME)";
				SWIFT_VERSION = 3.0;
				TEST_HOST = "$(BUILT_PRODUCTS_DIR)/PianoTiles.app/PianoTiles";
			};
			name = Debug;
		};
		60BE574D1E77A430007E8110 /* Release */ = {
			isa = XCBuildConfiguration;
			buildSettings = {
				ALWAYS_EMBED_SWIFT_STANDARD_LIBRARIES = YES;
				BUNDLE_LOADER = "$(TEST_HOST)";
				DEVELOPMENT_TEAM = W3RCCUG568;
				INFOPLIST_FILE = PianoTilesTests/Info.plist;
				LD_RUNPATH_SEARCH_PATHS = "$(inherited) @executable_path/Frameworks @loader_path/Frameworks";
				PRODUCT_BUNDLE_IDENTIFIER = com.ad.PianoTilesTests;
				PRODUCT_NAME = "$(TARGET_NAME)";
				SWIFT_VERSION = 3.0;
				TEST_HOST = "$(BUILT_PRODUCTS_DIR)/PianoTiles.app/PianoTiles";
			};
			name = Release;
		};
		60BE574F1E77A430007E8110 /* Debug */ = {
			isa = XCBuildConfiguration;
			buildSettings = {
				ALWAYS_EMBED_SWIFT_STANDARD_LIBRARIES = YES;
				DEVELOPMENT_TEAM = W3RCCUG568;
				INFOPLIST_FILE = PianoTilesUITests/Info.plist;
				LD_RUNPATH_SEARCH_PATHS = "$(inherited) @executable_path/Frameworks @loader_path/Frameworks";
				PRODUCT_BUNDLE_IDENTIFIER = com.ad.PianoTilesUITests;
				PRODUCT_NAME = "$(TARGET_NAME)";
				SWIFT_VERSION = 3.0;
				TEST_TARGET_NAME = PianoTiles;
			};
			name = Debug;
		};
		60BE57501E77A430007E8110 /* Release */ = {
			isa = XCBuildConfiguration;
			buildSettings = {
				ALWAYS_EMBED_SWIFT_STANDARD_LIBRARIES = YES;
				DEVELOPMENT_TEAM = W3RCCUG568;
				INFOPLIST_FILE = PianoTilesUITests/Info.plist;
				LD_RUNPATH_SEARCH_PATHS = "$(inherited) @executable_path/Frameworks @loader_path/Frameworks";
				PRODUCT_BUNDLE_IDENTIFIER = com.ad.PianoTilesUITests;
				PRODUCT_NAME = "$(TARGET_NAME)";
				SWIFT_VERSION = 3.0;
				TEST_TARGET_NAME = PianoTiles;
			};
			name = Release;
		};
/* End XCBuildConfiguration section */

/* Begin XCConfigurationList section */
		60BE571B1E77A430007E8110 /* Build configuration list for PBXProject "PianoTiles" */ = {
			isa = XCConfigurationList;
			buildConfigurations = (
				60BE57461E77A430007E8110 /* Debug */,
				60BE57471E77A430007E8110 /* Release */,
			);
			defaultConfigurationIsVisible = 0;
			defaultConfigurationName = Release;
		};
		60BE57481E77A430007E8110 /* Build configuration list for PBXNativeTarget "PianoTiles" */ = {
			isa = XCConfigurationList;
			buildConfigurations = (
				60BE57491E77A430007E8110 /* Debug */,
				60BE574A1E77A430007E8110 /* Release */,
			);
			defaultConfigurationIsVisible = 0;
			defaultConfigurationName = Release;
		};
		60BE574B1E77A430007E8110 /* Build configuration list for PBXNativeTarget "PianoTilesTests" */ = {
			isa = XCConfigurationList;
			buildConfigurations = (
				60BE574C1E77A430007E8110 /* Debug */,
				60BE574D1E77A430007E8110 /* Release */,
			);
			defaultConfigurationIsVisible = 0;
			defaultConfigurationName = Release;
		};
		60BE574E1E77A430007E8110 /* Build configuration list for PBXNativeTarget "PianoTilesUITests" */ = {
			isa = XCConfigurationList;
			buildConfigurations = (
				60BE574F1E77A430007E8110 /* Debug */,
				60BE57501E77A430007E8110 /* Release */,
			);
			defaultConfigurationIsVisible = 0;
			defaultConfigurationName = Release;
		};
/* End XCConfigurationList section */
	};
	rootObject = 60BE57181E77A430007E8110 /* Project object */;
}
